
Microsoft Visual Studio Solution File, Format Version 12.00
# Visual Studio Version 16
VisualStudioVersion = 16.0.29806.167
MinimumVisualStudioVersion = 10.0.40219.1
Project("{9A19103F-16F7-4668-BE54-9A1E7A4F7556}") = "GoodDay", "GoodDay\GoodDay.csproj", "{0591E7B2-2767-4F51-A26D-561D97D47626}"
EndProject
Project("{9A19103F-16F7-4668-BE54-9A1E7A4F7556}") = "LetterCounter", "LetterCounter\LetterCounter.csproj", "{AEBF78E1-78D1-4D84-A5F0-2886BB29ECE6}"
EndProject
Project("{9A19103F-16F7-4668-BE54-9A1E7A4F7556}") = "Lecture.6", "Lecture.6\Lecture.6.csproj", "{E08D8479-9B28-4DF7-AA82-3F7DB79B63FB}"
EndProject
Project("{9A19103F-16F7-4668-BE54-9A1E7A4F7556}") = "Square", "Square\Square.csproj", "{C08867B9-EE36-4635-8362-3D254E79495D}"
EndProject
Project("{FAE04EC0-301F-11D3-BF4B-00C04F79EFBC}") = "Lecture.12", "Lecture.12\Lecture.12.csproj", "{63BCBBBB-986D-4D33-A16C-550FFB591F11}"
EndProject
Global
	GlobalSection(SolutionConfigurationPlatforms) = preSolution
		Debug|Any CPU = Debug|Any CPU
		Release|Any CPU = Release|Any CPU
	EndGlobalSection
	GlobalSection(ProjectConfigurationPlatforms) = postSolution
		{0591E7B2-2767-4F51-A26D-561D97D47626}.Debug|Any CPU.ActiveCfg = Debug|Any CPU
		{0591E7B2-2767-4F51-A26D-561D97D47626}.Debug|Any CPU.Build.0 = Debug|Any CPU
		{0591E7B2-2767-4F51-A26D-561D97D47626}.Release|Any CPU.ActiveCfg = Release|Any CPU
		{0591E7B2-2767-4F51-A26D-561D97D47626}.Release|Any CPU.Build.0 = Release|Any CPU
		{AEBF78E1-78D1-4D84-A5F0-2886BB29ECE6}.Debug|Any CPU.ActiveCfg = Debug|Any CPU
		{AEBF78E1-78D1-4D84-A5F0-2886BB29ECE6}.Debug|Any CPU.Build.0 = Debug|Any CPU
		{AEBF78E1-78D1-4D84-A5F0-2886BB29ECE6}.Release|Any CPU.ActiveCfg = Release|Any CPU
		{AEBF78E1-78D1-4D84-A5F0-2886BB29ECE6}.Release|Any CPU.Build.0 = Release|Any CPU
		{E08D8479-9B28-4DF7-AA82-3F7DB79B63FB}.Debug|Any CPU.ActiveCfg = Debug|Any CPU
		{E08D8479-9B28-4DF7-AA82-3F7DB79B63FB}.Debug|Any CPU.Build.0 = Debug|Any CPU
		{E08D8479-9B28-4DF7-AA82-3F7DB79B63FB}.Release|Any CPU.ActiveCfg = Release|Any CPU
		{E08D8479-9B28-4DF7-AA82-3F7DB79B63FB}.Release|Any CPU.Build.0 = Release|Any CPU
		{C08867B9-EE36-4635-8362-3D254E79495D}.Debug|Any CPU.ActiveCfg = Debug|Any CPU
		{C08867B9-EE36-4635-8362-3D254E79495D}.Debug|Any CPU.Build.0 = Debug|Any CPU
		{C08867B9-EE36-4635-8362-3D254E79495D}.Release|Any CPU.ActiveCfg = Release|Any CPU
		{C08867B9-EE36-4635-8362-3D254E79495D}.Release|Any CPU.Build.0 = Release|Any CPU
		{63BCBBBB-986D-4D33-A16C-550FFB591F11}.Debug|Any CPU.ActiveCfg = Debug|Any CPU
		{63BCBBBB-986D-4D33-A16C-550FFB591F11}.Debug|Any CPU.Build.0 = Debug|Any CPU
		{63BCBBBB-986D-4D33-A16C-550FFB591F11}.Release|Any CPU.ActiveCfg = Release|Any CPU
		{63BCBBBB-986D-4D33-A16C-550FFB591F11}.Release|Any CPU.Build.0 = Release|Any CPU
	EndGlobalSection
	GlobalSection(SolutionProperties) = preSolution
		HideSolutionNode = FALSE
	EndGlobalSection
	GlobalSection(ExtensibilityGlobals) = postSolution
		SolutionGuid = {E3553A5B-7B1E-4B35-AB25-0195A8B07199}
	EndGlobalSection
EndGlobal
